
Microsoft Visual Studio Solution File, Format Version 12.00
# Visual Studio 14
VisualStudioVersion = 14.0.25420.1
MinimumVisualStudioVersion = 10.0.40219.1
Project("{FAE04EC0-301F-11D3-BF4B-00C04F79EFBC}") = "XamarinMobileAppAuth.Droid", "XamarinMobileAppAuth\XamarinMobileAppAuth.Droid\XamarinMobileAppAuth.Droid.csproj", "{37B4BB61-BF19-49FE-91DC-0E64750E83C8}"
EndProject
Project("{FAE04EC0-301F-11D3-BF4B-00C04F79EFBC}") = "XamarinMobileAppAuth.iOS", "XamarinMobileAppAuth\XamarinMobileAppAuth.iOS\XamarinMobileAppAuth.iOS.csproj", "{81662005-B623-44F3-8DA2-DD9F5E28C7C6}"
EndProject
Project("{FAE04EC0-301F-11D3-BF4B-00C04F79EFBC}") = "XamarinMobileAppAuth.WinPhone", "XamarinMobileAppAuth\XamarinMobileAppAuth.WinPhone\XamarinMobileAppAuth.WinPhone.csproj", "{AD390FA1-8BF0-42A4-9AEB-0B8CA7A453F7}"
EndProject
Project("{FAE04EC0-301F-11D3-BF4B-00C04F79EFBC}") = "XamarinMobileAppAuth.UWP", "XamarinMobileAppAuth\XamarinMobileAppAuth.UWP\XamarinMobileAppAuth.UWP.csproj", "{F74F36F5-75F6-472E-99EE-9800B4BA875C}"
EndProject
Project("{FAE04EC0-301F-11D3-BF4B-00C04F79EFBC}") = "XamarinMobileAppAuth.Windows", "XamarinMobileAppAuth\XamarinMobileAppAuth.Windows\XamarinMobileAppAuth.Windows.csproj", "{8722ADF5-4FBE-4CC7-B117-0C5F31C727F1}"
EndProject
Project("{FAE04EC0-301F-11D3-BF4B-00C04F79EFBC}") = "XamarinMobileAppAuth", "XamarinMobileAppAuth\XamarinMobileAppAuth\XamarinMobileAppAuth.csproj", "{7270CA97-9564-44EF-BF2F-983577F2A5EB}"
EndProject
Global
	GlobalSection(SolutionConfigurationPlatforms) = preSolution
		Ad-Hoc|Any CPU = Ad-Hoc|Any CPU
		Ad-Hoc|ARM = Ad-Hoc|ARM
		Ad-Hoc|iPhone = Ad-Hoc|iPhone
		Ad-Hoc|iPhoneSimulator = Ad-Hoc|iPhoneSimulator
		Ad-Hoc|x64 = Ad-Hoc|x64
		Ad-Hoc|x86 = Ad-Hoc|x86
		AppStore|Any CPU = AppStore|Any CPU
		AppStore|ARM = AppStore|ARM
		AppStore|iPhone = AppStore|iPhone
		AppStore|iPhoneSimulator = AppStore|iPhoneSimulator
		AppStore|x64 = AppStore|x64
		AppStore|x86 = AppStore|x86
		Debug|Any CPU = Debug|Any CPU
		Debug|ARM = Debug|ARM
		Debug|iPhone = Debug|iPhone
		Debug|iPhoneSimulator = Debug|iPhoneSimulator
		Debug|x64 = Debug|x64
		Debug|x86 = Debug|x86
		Release|Any CPU = Release|Any CPU
		Release|ARM = Release|ARM
		Release|iPhone = Release|iPhone
		Release|iPhoneSimulator = Release|iPhoneSimulator
		Release|x64 = Release|x64
		Release|x86 = Release|x86
	EndGlobalSection
	GlobalSection(ProjectConfigurationPlatforms) = postSolution
		{37B4BB61-BF19-49FE-91DC-0E64750E83C8}.Ad-Hoc|Any CPU.ActiveCfg = Release|Any CPU
		{37B4BB61-BF19-49FE-91DC-0E64750E83C8}.Ad-Hoc|Any CPU.Build.0 = Release|Any CPU
		{37B4BB61-BF19-49FE-91DC-0E64750E83C8}.Ad-Hoc|Any CPU.Deploy.0 = Release|Any CPU
		{37B4BB61-BF19-49FE-91DC-0E64750E83C8}.Ad-Hoc|ARM.ActiveCfg = Release|Any CPU
		{37B4BB61-BF19-49FE-91DC-0E64750E83C8}.Ad-Hoc|ARM.Build.0 = Release|Any CPU
		{37B4BB61-BF19-49FE-91DC-0E64750E83C8}.Ad-Hoc|ARM.Deploy.0 = Release|Any CPU
		{37B4BB61-BF19-49FE-91DC-0E64750E83C8}.Ad-Hoc|iPhone.ActiveCfg = Release|Any CPU
		{37B4BB61-BF19-49FE-91DC-0E64750E83C8}.Ad-Hoc|iPhone.Build.0 = Release|Any CPU
		{37B4BB61-BF19-49FE-91DC-0E64750E83C8}.Ad-Hoc|iPhone.Deploy.0 = Release|Any CPU
		{37B4BB61-BF19-49FE-91DC-0E64750E83C8}.Ad-Hoc|iPhoneSimulator.ActiveCfg = Release|Any CPU
		{37B4BB61-BF19-49FE-91DC-0E64750E83C8}.Ad-Hoc|iPhoneSimulator.Build.0 = Release|Any CPU
		{37B4BB61-BF19-49FE-91DC-0E64750E83C8}.Ad-Hoc|iPhoneSimulator.Deploy.0 = Release|Any CPU
		{37B4BB61-BF19-49FE-91DC-0E64750E83C8}.Ad-Hoc|x64.ActiveCfg = Release|Any CPU
		{37B4BB61-BF19-49FE-91DC-0E64750E83C8}.Ad-Hoc|x64.Build.0 = Release|Any CPU
		{37B4BB61-BF19-49FE-91DC-0E64750E83C8}.Ad-Hoc|x64.Deploy.0 = Release|Any CPU
		{37B4BB61-BF19-49FE-91DC-0E64750E83C8}.Ad-Hoc|x86.ActiveCfg = Release|Any CPU
		{37B4BB61-BF19-49FE-91DC-0E64750E83C8}.Ad-Hoc|x86.Build.0 = Release|Any CPU
		{37B4BB61-BF19-49FE-91DC-0E64750E83C8}.Ad-Hoc|x86.Deploy.0 = Release|Any CPU
		{37B4BB61-BF19-49FE-91DC-0E64750E83C8}.AppStore|Any CPU.ActiveCfg = Release|Any CPU
		{37B4BB61-BF19-49FE-91DC-0E64750E83C8}.AppStore|Any CPU.Build.0 = Release|Any CPU
		{37B4BB61-BF19-49FE-91DC-0E64750E83C8}.AppStore|Any CPU.Deploy.0 = Release|Any CPU
		{37B4BB61-BF19-49FE-91DC-0E64750E83C8}.AppStore|ARM.ActiveCfg = Release|Any CPU
		{37B4BB61-BF19-49FE-91DC-0E64750E83C8}.AppStore|ARM.Build.0 = Release|Any CPU
		{37B4BB61-BF19-49FE-91DC-0E64750E83C8}.AppStore|ARM.Deploy.0 = Release|Any CPU
		{37B4BB61-BF19-49FE-91DC-0E64750E83C8}.AppStore|iPhone.ActiveCfg = Release|Any CPU
		{37B4BB61-BF19-49FE-91DC-0E64750E83C8}.AppStore|iPhone.Build.0 = Release|Any CPU
		{37B4BB61-BF19-49FE-91DC-0E64750E83C8}.AppStore|iPhone.Deploy.0 = Release|Any CPU
		{37B4BB61-BF19-49FE-91DC-0E64750E83C8}.AppStore|iPhoneSimulator.ActiveCfg = Release|Any CPU
		{37B4BB61-BF19-49FE-91DC-0E64750E83C8}.AppStore|iPhoneSimulator.Build.0 = Release|Any CPU
		{37B4BB61-BF19-49FE-91DC-0E64750E83C8}.AppStore|iPhoneSimulator.Deploy.0 = Release|Any CPU
		{37B4BB61-BF19-49FE-91DC-0E64750E83C8}.AppStore|x64.ActiveCfg = Release|Any CPU
		{37B4BB61-BF19-49FE-91DC-0E64750E83C8}.AppStore|x64.Build.0 = Release|Any CPU
		{37B4BB61-BF19-49FE-91DC-0E64750E83C8}.AppStore|x64.Deploy.0 = Release|Any CPU
		{37B4BB61-BF19-49FE-91DC-0E64750E83C8}.AppStore|x86.ActiveCfg = Release|Any CPU
		{37B4BB61-BF19-49FE-91DC-0E64750E83C8}.AppStore|x86.Build.0 = Release|Any CPU
		{37B4BB61-BF19-49FE-91DC-0E64750E83C8}.AppStore|x86.Deploy.0 = Release|Any CPU
		{37B4BB61-BF19-49FE-91DC-0E64750E83C8}.Debug|Any CPU.ActiveCfg = Debug|Any CPU
		{37B4BB61-BF19-49FE-91DC-0E64750E83C8}.Debug|Any CPU.Build.0 = Debug|Any CPU
		{37B4BB61-BF19-49FE-91DC-0E64750E83C8}.Debug|Any CPU.Deploy.0 = Debug|Any CPU
		{37B4BB61-BF19-49FE-91DC-0E64750E83C8}.Debug|ARM.ActiveCfg = Debug|Any CPU
		{37B4BB61-BF19-49FE-91DC-0E64750E83C8}.Debug|ARM.Build.0 = Debug|Any CPU
		{37B4BB61-BF19-49FE-91DC-0E64750E83C8}.Debug|ARM.Deploy.0 = Debug|Any CPU
		{37B4BB61-BF19-49FE-91DC-0E64750E83C8}.Debug|iPhone.ActiveCfg = Debug|Any CPU
		{37B4BB61-BF19-49FE-91DC-0E64750E83C8}.Debug|iPhone.Build.0 = Debug|Any CPU
		{37B4BB61-BF19-49FE-91DC-0E64750E83C8}.Debug|iPhone.Deploy.0 = Debug|Any CPU
		{37B4BB61-BF19-49FE-91DC-0E64750E83C8}.Debug|iPhoneSimulator.ActiveCfg = Debug|Any CPU
		{37B4BB61-BF19-49FE-91DC-0E64750E83C8}.Debug|iPhoneSimulator.Build.0 = Debug|Any CPU
		{37B4BB61-BF19-49FE-91DC-0E64750E83C8}.Debug|iPhoneSimulator.Deploy.0 = Debug|Any CPU
		{37B4BB61-BF19-49FE-91DC-0E64750E83C8}.Debug|x64.ActiveCfg = Debug|Any CPU
		{37B4BB61-BF19-49FE-91DC-0E64750E83C8}.Debug|x64.Build.0 = Debug|Any CPU
		{37B4BB61-BF19-49FE-91DC-0E64750E83C8}.Debug|x64.Deploy.0 = Debug|Any CPU
		{37B4BB61-BF19-49FE-91DC-0E64750E83C8}.Debug|x86.ActiveCfg = Debug|Any CPU
		{37B4BB61-BF19-49FE-91DC-0E64750E83C8}.Debug|x86.Build.0 = Debug|Any CPU
		{37B4BB61-BF19-49FE-91DC-0E64750E83C8}.Debug|x86.Deploy.0 = Debug|Any CPU
		{37B4BB61-BF19-49FE-91DC-0E64750E83C8}.Release|Any CPU.ActiveCfg = Release|Any CPU
		{37B4BB61-BF19-49FE-91DC-0E64750E83C8}.Release|Any CPU.Build.0 = Release|Any CPU
		{37B4BB61-BF19-49FE-91DC-0E64750E83C8}.Release|Any CPU.Deploy.0 = Release|Any CPU
		{37B4BB61-BF19-49FE-91DC-0E64750E83C8}.Release|ARM.ActiveCfg = Release|Any CPU
		{37B4BB61-BF19-49FE-91DC-0E64750E83C8}.Release|ARM.Build.0 = Release|Any CPU
		{37B4BB61-BF19-49FE-91DC-0E64750E83C8}.Release|ARM.Deploy.0 = Release|Any CPU
		{37B4BB61-BF19-49FE-91DC-0E64750E83C8}.Release|iPhone.ActiveCfg = Release|Any CPU
		{37B4BB61-BF19-49FE-91DC-0E64750E83C8}.Release|iPhone.Build.0 = Release|Any CPU
		{37B4BB61-BF19-49FE-91DC-0E64750E83C8}.Release|iPhone.Deploy.0 = Release|Any CPU
		{37B4BB61-BF19-49FE-91DC-0E64750E83C8}.Release|iPhoneSimulator.ActiveCfg = Release|Any CPU
		{37B4BB61-BF19-49FE-91DC-0E64750E83C8}.Release|iPhoneSimulator.Build.0 = Release|Any CPU
		{37B4BB61-BF19-49FE-91DC-0E64750E83C8}.Release|iPhoneSimulator.Deploy.0 = Release|Any CPU
		{37B4BB61-BF19-49FE-91DC-0E64750E83C8}.Release|x64.ActiveCfg = Release|Any CPU
		{37B4BB61-BF19-49FE-91DC-0E64750E83C8}.Release|x64.Build.0 = Release|Any CPU
		{37B4BB61-BF19-49FE-91DC-0E64750E83C8}.Release|x64.Deploy.0 = Release|Any CPU
		{37B4BB61-BF19-49FE-91DC-0E64750E83C8}.Release|x86.ActiveCfg = Release|Any CPU
		{37B4BB61-BF19-49FE-91DC-0E64750E83C8}.Release|x86.Build.0 = Release|Any CPU
		{37B4BB61-BF19-49FE-91DC-0E64750E83C8}.Release|x86.Deploy.0 = Release|Any CPU
		{81662005-B623-44F3-8DA2-DD9F5E28C7C6}.Ad-Hoc|Any CPU.ActiveCfg = Ad-Hoc|iPhone
		{81662005-B623-44F3-8DA2-DD9F5E28C7C6}.Ad-Hoc|ARM.ActiveCfg = Ad-Hoc|iPhone
		{81662005-B623-44F3-8DA2-DD9F5E28C7C6}.Ad-Hoc|iPhone.ActiveCfg = Ad-Hoc|iPhone
		{81662005-B623-44F3-8DA2-DD9F5E28C7C6}.Ad-Hoc|iPhone.Build.0 = Ad-Hoc|iPhone
		{81662005-B623-44F3-8DA2-DD9F5E28C7C6}.Ad-Hoc|iPhoneSimulator.ActiveCfg = Ad-Hoc|iPhoneSimulator
		{81662005-B623-44F3-8DA2-DD9F5E28C7C6}.Ad-Hoc|iPhoneSimulator.Build.0 = Ad-Hoc|iPhoneSimulator
		{81662005-B623-44F3-8DA2-DD9F5E28C7C6}.Ad-Hoc|x64.ActiveCfg = Ad-Hoc|iPhone
		{81662005-B623-44F3-8DA2-DD9F5E28C7C6}.Ad-Hoc|x86.ActiveCfg = Ad-Hoc|iPhone
		{81662005-B623-44F3-8DA2-DD9F5E28C7C6}.AppStore|Any CPU.ActiveCfg = AppStore|iPhone
		{81662005-B623-44F3-8DA2-DD9F5E28C7C6}.AppStore|ARM.ActiveCfg = AppStore|iPhone
		{81662005-B623-44F3-8DA2-DD9F5E28C7C6}.AppStore|iPhone.ActiveCfg = AppStore|iPhone
		{81662005-B623-44F3-8DA2-DD9F5E28C7C6}.AppStore|iPhone.Build.0 = AppStore|iPhone
		{81662005-B623-44F3-8DA2-DD9F5E28C7C6}.AppStore|iPhoneSimulator.ActiveCfg = AppStore|iPhoneSimulator
		{81662005-B623-44F3-8DA2-DD9F5E28C7C6}.AppStore|iPhoneSimulator.Build.0 = AppStore|iPhoneSimulator
		{81662005-B623-44F3-8DA2-DD9F5E28C7C6}.AppStore|x64.ActiveCfg = AppStore|iPhone
		{81662005-B623-44F3-8DA2-DD9F5E28C7C6}.AppStore|x86.ActiveCfg = AppStore|iPhone
		{81662005-B623-44F3-8DA2-DD9F5E28C7C6}.Debug|Any CPU.ActiveCfg = Debug|iPhone
		{81662005-B623-44F3-8DA2-DD9F5E28C7C6}.Debug|ARM.ActiveCfg = Debug|iPhone
		{81662005-B623-44F3-8DA2-DD9F5E28C7C6}.Debug|iPhone.ActiveCfg = Debug|iPhone
		{81662005-B623-44F3-8DA2-DD9F5E28C7C6}.Debug|iPhone.Build.0 = Debug|iPhone
		{81662005-B623-44F3-8DA2-DD9F5E28C7C6}.Debug|iPhoneSimulator.ActiveCfg = Debug|iPhoneSimulator
		{81662005-B623-44F3-8DA2-DD9F5E28C7C6}.Debug|iPhoneSimulator.Build.0 = Debug|iPhoneSimulator
		{81662005-B623-44F3-8DA2-DD9F5E28C7C6}.Debug|x64.ActiveCfg = Debug|iPhone
		{81662005-B623-44F3-8DA2-DD9F5E28C7C6}.Debug|x86.ActiveCfg = Debug|iPhone
		{81662005-B623-44F3-8DA2-DD9F5E28C7C6}.Release|Any CPU.ActiveCfg = Release|iPhone
		{81662005-B623-44F3-8DA2-DD9F5E28C7C6}.Release|ARM.ActiveCfg = Release|iPhone
		{81662005-B623-44F3-8DA2-DD9F5E28C7C6}.Release|iPhone.ActiveCfg = Release|iPhone
		{81662005-B623-44F3-8DA2-DD9F5E28C7C6}.Release|iPhone.Build.0 = Release|iPhone
		{81662005-B623-44F3-8DA2-DD9F5E28C7C6}.Release|iPhoneSimulator.ActiveCfg = Release|iPhoneSimulator
		{81662005-B623-44F3-8DA2-DD9F5E28C7C6}.Release|iPhoneSimulator.Build.0 = Release|iPhoneSimulator
		{81662005-B623-44F3-8DA2-DD9F5E28C7C6}.Release|x64.ActiveCfg = Release|iPhone
		{81662005-B623-44F3-8DA2-DD9F5E28C7C6}.Release|x86.ActiveCfg = Release|iPhone
		{AD390FA1-8BF0-42A4-9AEB-0B8CA7A453F7}.Ad-Hoc|Any CPU.ActiveCfg = Release|Any CPU
		{AD390FA1-8BF0-42A4-9AEB-0B8CA7A453F7}.Ad-Hoc|Any CPU.Build.0 = Release|Any CPU
		{AD390FA1-8BF0-42A4-9AEB-0B8CA7A453F7}.Ad-Hoc|Any CPU.Deploy.0 = Release|Any CPU
		{AD390FA1-8BF0-42A4-9AEB-0B8CA7A453F7}.Ad-Hoc|ARM.ActiveCfg = Release|ARM
		{AD390FA1-8BF0-42A4-9AEB-0B8CA7A453F7}.Ad-Hoc|ARM.Build.0 = Release|ARM
		{AD390FA1-8BF0-42A4-9AEB-0B8CA7A453F7}.Ad-Hoc|ARM.Deploy.0 = Release|ARM
		{AD390FA1-8BF0-42A4-9AEB-0B8CA7A453F7}.Ad-Hoc|iPhone.ActiveCfg = Release|Any CPU
		{AD390FA1-8BF0-42A4-9AEB-0B8CA7A453F7}.Ad-Hoc|iPhone.Build.0 = Release|Any CPU
		{AD390FA1-8BF0-42A4-9AEB-0B8CA7A453F7}.Ad-Hoc|iPhone.Deploy.0 = Release|Any CPU
		{AD390FA1-8BF0-42A4-9AEB-0B8CA7A453F7}.Ad-Hoc|iPhoneSimulator.ActiveCfg = Release|Any CPU
		{AD390FA1-8BF0-42A4-9AEB-0B8CA7A453F7}.Ad-Hoc|iPhoneSimulator.Build.0 = Release|Any CPU
		{AD390FA1-8BF0-42A4-9AEB-0B8CA7A453F7}.Ad-Hoc|iPhoneSimulator.Deploy.0 = Release|Any CPU
		{AD390FA1-8BF0-42A4-9AEB-0B8CA7A453F7}.Ad-Hoc|x64.ActiveCfg = Release|Any CPU
		{AD390FA1-8BF0-42A4-9AEB-0B8CA7A453F7}.Ad-Hoc|x64.Build.0 = Release|Any CPU
		{AD390FA1-8BF0-42A4-9AEB-0B8CA7A453F7}.Ad-Hoc|x64.Deploy.0 = Release|Any CPU
		{AD390FA1-8BF0-42A4-9AEB-0B8CA7A453F7}.Ad-Hoc|x86.ActiveCfg = Release|x86
		{AD390FA1-8BF0-42A4-9AEB-0B8CA7A453F7}.Ad-Hoc|x86.Build.0 = Release|x86
		{AD390FA1-8BF0-42A4-9AEB-0B8CA7A453F7}.Ad-Hoc|x86.Deploy.0 = Release|x86
		{AD390FA1-8BF0-42A4-9AEB-0B8CA7A453F7}.AppStore|Any CPU.ActiveCfg = Release|Any CPU
		{AD390FA1-8BF0-42A4-9AEB-0B8CA7A453F7}.AppStore|Any CPU.Build.0 = Release|Any CPU
		{AD390FA1-8BF0-42A4-9AEB-0B8CA7A453F7}.AppStore|Any CPU.Deploy.0 = Release|Any CPU
		{AD390FA1-8BF0-42A4-9AEB-0B8CA7A453F7}.AppStore|ARM.ActiveCfg = Release|ARM
		{AD390FA1-8BF0-42A4-9AEB-0B8CA7A453F7}.AppStore|ARM.Build.0 = Release|ARM
		{AD390FA1-8BF0-42A4-9AEB-0B8CA7A453F7}.AppStore|ARM.Deploy.0 = Release|ARM
		{AD390FA1-8BF0-42A4-9AEB-0B8CA7A453F7}.AppStore|iPhone.ActiveCfg = Release|Any CPU
		{AD390FA1-8BF0-42A4-9AEB-0B8CA7A453F7}.AppStore|iPhone.Build.0 = Release|Any CPU
		{AD390FA1-8BF0-42A4-9AEB-0B8CA7A453F7}.AppStore|iPhone.Deploy.0 = Release|Any CPU
		{AD390FA1-8BF0-42A4-9AEB-0B8CA7A453F7}.AppStore|iPhoneSimulator.ActiveCfg = Release|Any CPU
		{AD390FA1-8BF0-42A4-9AEB-0B8CA7A453F7}.AppStore|iPhoneSimulator.Build.0 = Release|Any CPU
		{AD390FA1-8BF0-42A4-9AEB-0B8CA7A453F7}.AppStore|iPhoneSimulator.Deploy.0 = Release|Any CPU
		{AD390FA1-8BF0-42A4-9AEB-0B8CA7A453F7}.AppStore|x64.ActiveCfg = Release|Any CPU
		{AD390FA1-8BF0-42A4-9AEB-0B8CA7A453F7}.AppStore|x64.Build.0 = Release|Any CPU
		{AD390FA1-8BF0-42A4-9AEB-0B8CA7A453F7}.AppStore|x64.Deploy.0 = Release|Any CPU
		{AD390FA1-8BF0-42A4-9AEB-0B8CA7A453F7}.AppStore|x86.ActiveCfg = Release|x86
		{AD390FA1-8BF0-42A4-9AEB-0B8CA7A453F7}.AppStore|x86.Build.0 = Release|x86
		{AD390FA1-8BF0-42A4-9AEB-0B8CA7A453F7}.AppStore|x86.Deploy.0 = Release|x86
		{AD390FA1-8BF0-42A4-9AEB-0B8CA7A453F7}.Debug|Any CPU.ActiveCfg = Debug|Any CPU
		{AD390FA1-8BF0-42A4-9AEB-0B8CA7A453F7}.Debug|Any CPU.Build.0 = Debug|Any CPU
		{AD390FA1-8BF0-42A4-9AEB-0B8CA7A453F7}.Debug|Any CPU.Deploy.0 = Debug|Any CPU
		{AD390FA1-8BF0-42A4-9AEB-0B8CA7A453F7}.Debug|ARM.ActiveCfg = Debug|ARM
		{AD390FA1-8BF0-42A4-9AEB-0B8CA7A453F7}.Debug|ARM.Build.0 = Debug|ARM
		{AD390FA1-8BF0-42A4-9AEB-0B8CA7A453F7}.Debug|ARM.Deploy.0 = Debug|ARM
		{AD390FA1-8BF0-42A4-9AEB-0B8CA7A453F7}.Debug|iPhone.ActiveCfg = Debug|Any CPU
		{AD390FA1-8BF0-42A4-9AEB-0B8CA7A453F7}.Debug|iPhone.Build.0 = Debug|Any CPU
		{AD390FA1-8BF0-42A4-9AEB-0B8CA7A453F7}.Debug|iPhone.Deploy.0 = Debug|Any CPU
		{AD390FA1-8BF0-42A4-9AEB-0B8CA7A453F7}.Debug|iPhoneSimulator.ActiveCfg = Debug|Any CPU
		{AD390FA1-8BF0-42A4-9AEB-0B8CA7A453F7}.Debug|iPhoneSimulator.Build.0 = Debug|Any CPU
		{AD390FA1-8BF0-42A4-9AEB-0B8CA7A453F7}.Debug|iPhoneSimulator.Deploy.0 = Debug|Any CPU
		{AD390FA1-8BF0-42A4-9AEB-0B8CA7A453F7}.Debug|x64.ActiveCfg = Debug|Any CPU
		{AD390FA1-8BF0-42A4-9AEB-0B8CA7A453F7}.Debug|x64.Build.0 = Debug|Any CPU
		{AD390FA1-8BF0-42A4-9AEB-0B8CA7A453F7}.Debug|x64.Deploy.0 = Debug|Any CPU
		{AD390FA1-8BF0-42A4-9AEB-0B8CA7A453F7}.Debug|x86.ActiveCfg = Debug|x86
		{AD390FA1-8BF0-42A4-9AEB-0B8CA7A453F7}.Debug|x86.Build.0 = Debug|x86
		{AD390FA1-8BF0-42A4-9AEB-0B8CA7A453F7}.Debug|x86.Deploy.0 = Debug|x86
		{AD390FA1-8BF0-42A4-9AEB-0B8CA7A453F7}.Release|Any CPU.ActiveCfg = Release|Any CPU
		{AD390FA1-8BF0-42A4-9AEB-0B8CA7A453F7}.Release|Any CPU.Build.0 = Release|Any CPU
		{AD390FA1-8BF0-42A4-9AEB-0B8CA7A453F7}.Release|Any CPU.Deploy.0 = Release|Any CPU
		{AD390FA1-8BF0-42A4-9AEB-0B8CA7A453F7}.Release|ARM.ActiveCfg = Release|ARM
		{AD390FA1-8BF0-42A4-9AEB-0B8CA7A453F7}.Release|ARM.Build.0 = Release|ARM
		{AD390FA1-8BF0-42A4-9AEB-0B8CA7A453F7}.Release|ARM.Deploy.0 = Release|ARM
		{AD390FA1-8BF0-42A4-9AEB-0B8CA7A453F7}.Release|iPhone.ActiveCfg = Release|Any CPU
		{AD390FA1-8BF0-42A4-9AEB-0B8CA7A453F7}.Release|iPhone.Build.0 = Release|Any CPU
		{AD390FA1-8BF0-42A4-9AEB-0B8CA7A453F7}.Release|iPhone.Deploy.0 = Release|Any CPU
		{AD390FA1-8BF0-42A4-9AEB-0B8CA7A453F7}.Release|iPhoneSimulator.ActiveCfg = Release|Any CPU
		{AD390FA1-8BF0-42A4-9AEB-0B8CA7A453F7}.Release|iPhoneSimulator.Build.0 = Release|Any CPU
		{AD390FA1-8BF0-42A4-9AEB-0B8CA7A453F7}.Release|iPhoneSimulator.Deploy.0 = Release|Any CPU
		{AD390FA1-8BF0-42A4-9AEB-0B8CA7A453F7}.Release|x64.ActiveCfg = Release|Any CPU
		{AD390FA1-8BF0-42A4-9AEB-0B8CA7A453F7}.Release|x64.Build.0 = Release|Any CPU
		{AD390FA1-8BF0-42A4-9AEB-0B8CA7A453F7}.Release|x64.Deploy.0 = Release|Any CPU
		{AD390FA1-8BF0-42A4-9AEB-0B8CA7A453F7}.Release|x86.ActiveCfg = Release|x86
		{AD390FA1-8BF0-42A4-9AEB-0B8CA7A453F7}.Release|x86.Build.0 = Release|x86
		{AD390FA1-8BF0-42A4-9AEB-0B8CA7A453F7}.Release|x86.Deploy.0 = Release|x86
		{F74F36F5-75F6-472E-99EE-9800B4BA875C}.Ad-Hoc|Any CPU.ActiveCfg = Release|x86
		{F74F36F5-75F6-472E-99EE-9800B4BA875C}.Ad-Hoc|Any CPU.Build.0 = Release|x86
		{F74F36F5-75F6-472E-99EE-9800B4BA875C}.Ad-Hoc|Any CPU.Deploy.0 = Release|x86
		{F74F36F5-75F6-472E-99EE-9800B4BA875C}.Ad-Hoc|ARM.ActiveCfg = Release|ARM
		{F74F36F5-75F6-472E-99EE-9800B4BA875C}.Ad-Hoc|ARM.Build.0 = Release|ARM
		{F74F36F5-75F6-472E-99EE-9800B4BA875C}.Ad-Hoc|ARM.Deploy.0 = Release|ARM
		{F74F36F5-75F6-472E-99EE-9800B4BA875C}.Ad-Hoc|iPhone.ActiveCfg = Release|x86
		{F74F36F5-75F6-472E-99EE-9800B4BA875C}.Ad-Hoc|iPhone.Build.0 = Release|x86
		{F74F36F5-75F6-472E-99EE-9800B4BA875C}.Ad-Hoc|iPhone.Deploy.0 = Release|x86
		{F74F36F5-75F6-472E-99EE-9800B4BA875C}.Ad-Hoc|iPhoneSimulator.ActiveCfg = Release|x86
		{F74F36F5-75F6-472E-99EE-9800B4BA875C}.Ad-Hoc|iPhoneSimulator.Build.0 = Release|x86
		{F74F36F5-75F6-472E-99EE-9800B4BA875C}.Ad-Hoc|iPhoneSimulator.Deploy.0 = Release|x86
		{F74F36F5-75F6-472E-99EE-9800B4BA875C}.Ad-Hoc|x64.ActiveCfg = Release|x64
		{F74F36F5-75F6-472E-99EE-9800B4BA875C}.Ad-Hoc|x64.Build.0 = Release|x64
		{F74F36F5-75F6-472E-99EE-9800B4BA875C}.Ad-Hoc|x64.Deploy.0 = Release|x64
		{F74F36F5-75F6-472E-99EE-9800B4BA875C}.Ad-Hoc|x86.ActiveCfg = Release|x86
		{F74F36F5-75F6-472E-99EE-9800B4BA875C}.Ad-Hoc|x86.Build.0 = Release|x86
		{F74F36F5-75F6-472E-99EE-9800B4BA875C}.Ad-Hoc|x86.Deploy.0 = Release|x86
		{F74F36F5-75F6-472E-99EE-9800B4BA875C}.AppStore|Any CPU.ActiveCfg = Release|x86
		{F74F36F5-75F6-472E-99EE-9800B4BA875C}.AppStore|Any CPU.Build.0 = Release|x86
		{F74F36F5-75F6-472E-99EE-9800B4BA875C}.AppStore|Any CPU.Deploy.0 = Release|x86
		{F74F36F5-75F6-472E-99EE-9800B4BA875C}.AppStore|ARM.ActiveCfg = Release|ARM
		{F74F36F5-75F6-472E-99EE-9800B4BA875C}.AppStore|ARM.Build.0 = Release|ARM
		{F74F36F5-75F6-472E-99EE-9800B4BA875C}.AppStore|ARM.Deploy.0 = Release|ARM
		{F74F36F5-75F6-472E-99EE-9800B4BA875C}.AppStore|iPhone.ActiveCfg = Release|x86
		{F74F36F5-75F6-472E-99EE-9800B4BA875C}.AppStore|iPhone.Build.0 = Release|x86
		{F74F36F5-75F6-472E-99EE-9800B4BA875C}.AppStore|iPhone.Deploy.0 = Release|x86
		{F74F36F5-75F6-472E-99EE-9800B4BA875C}.AppStore|iPhoneSimulator.ActiveCfg = Release|x86
		{F74F36F5-75F6-472E-99EE-9800B4BA875C}.AppStore|iPhoneSimulator.Build.0 = Release|x86
		{F74F36F5-75F6-472E-99EE-9800B4BA875C}.AppStore|iPhoneSimulator.Deploy.0 = Release|x86
		{F74F36F5-75F6-472E-99EE-9800B4BA875C}.AppStore|x64.ActiveCfg = Release|x64
		{F74F36F5-75F6-472E-99EE-9800B4BA875C}.AppStore|x64.Build.0 = Release|x64
		{F74F36F5-75F6-472E-99EE-9800B4BA875C}.AppStore|x64.Deploy.0 = Release|x64
		{F74F36F5-75F6-472E-99EE-9800B4BA875C}.AppStore|x86.ActiveCfg = Release|x86
		{F74F36F5-75F6-472E-99EE-9800B4BA875C}.AppStore|x86.Build.0 = Release|x86
		{F74F36F5-75F6-472E-99EE-9800B4BA875C}.AppStore|x86.Deploy.0 = Release|x86
		{F74F36F5-75F6-472E-99EE-9800B4BA875C}.Debug|Any CPU.ActiveCfg = Debug|x86
		{F74F36F5-75F6-472E-99EE-9800B4BA875C}.Debug|ARM.ActiveCfg = Debug|ARM
		{F74F36F5-75F6-472E-99EE-9800B4BA875C}.Debug|ARM.Build.0 = Debug|ARM
		{F74F36F5-75F6-472E-99EE-9800B4BA875C}.Debug|ARM.Deploy.0 = Debug|ARM
		{F74F36F5-75F6-472E-99EE-9800B4BA875C}.Debug|iPhone.ActiveCfg = Debug|x86
		{F74F36F5-75F6-472E-99EE-9800B4BA875C}.Debug|iPhoneSimulator.ActiveCfg = Debug|x86
		{F74F36F5-75F6-472E-99EE-9800B4BA875C}.Debug|x64.ActiveCfg = Debug|x64
		{F74F36F5-75F6-472E-99EE-9800B4BA875C}.Debug|x64.Build.0 = Debug|x64
		{F74F36F5-75F6-472E-99EE-9800B4BA875C}.Debug|x64.Deploy.0 = Debug|x64
		{F74F36F5-75F6-472E-99EE-9800B4BA875C}.Debug|x86.ActiveCfg = Debug|x86
		{F74F36F5-75F6-472E-99EE-9800B4BA875C}.Debug|x86.Build.0 = Debug|x86
		{F74F36F5-75F6-472E-99EE-9800B4BA875C}.Debug|x86.Deploy.0 = Debug|x86
		{F74F36F5-75F6-472E-99EE-9800B4BA875C}.Release|Any CPU.ActiveCfg = Release|x86
		{F74F36F5-75F6-472E-99EE-9800B4BA875C}.Release|ARM.ActiveCfg = Release|ARM
		{F74F36F5-75F6-472E-99EE-9800B4BA875C}.Release|ARM.Build.0 = Release|ARM
		{F74F36F5-75F6-472E-99EE-9800B4BA875C}.Release|ARM.Deploy.0 = Release|ARM
		{F74F36F5-75F6-472E-99EE-9800B4BA875C}.Release|iPhone.ActiveCfg = Release|x86
		{F74F36F5-75F6-472E-99EE-9800B4BA875C}.Release|iPhoneSimulator.ActiveCfg = Release|x86
		{F74F36F5-75F6-472E-99EE-9800B4BA875C}.Release|x64.ActiveCfg = Release|x64
		{F74F36F5-75F6-472E-99EE-9800B4BA875C}.Release|x64.Build.0 = Release|x64
		{F74F36F5-75F6-472E-99EE-9800B4BA875C}.Release|x64.Deploy.0 = Release|x64
		{F74F36F5-75F6-472E-99EE-9800B4BA875C}.Release|x86.ActiveCfg = Release|x86
		{F74F36F5-75F6-472E-99EE-9800B4BA875C}.Release|x86.Build.0 = Release|x86
		{F74F36F5-75F6-472E-99EE-9800B4BA875C}.Release|x86.Deploy.0 = Release|x86
		{8722ADF5-4FBE-4CC7-B117-0C5F31C727F1}.Ad-Hoc|Any CPU.ActiveCfg = Release|Any CPU
		{8722ADF5-4FBE-4CC7-B117-0C5F31C727F1}.Ad-Hoc|Any CPU.Build.0 = Release|Any CPU
		{8722ADF5-4FBE-4CC7-B117-0C5F31C727F1}.Ad-Hoc|Any CPU.Deploy.0 = Release|Any CPU
		{8722ADF5-4FBE-4CC7-B117-0C5F31C727F1}.Ad-Hoc|ARM.ActiveCfg = Release|ARM
		{8722ADF5-4FBE-4CC7-B117-0C5F31C727F1}.Ad-Hoc|ARM.Build.0 = Release|ARM
		{8722ADF5-4FBE-4CC7-B117-0C5F31C727F1}.Ad-Hoc|ARM.Deploy.0 = Release|ARM
		{8722ADF5-4FBE-4CC7-B117-0C5F31C727F1}.Ad-Hoc|iPhone.ActiveCfg = Release|Any CPU
		{8722ADF5-4FBE-4CC7-B117-0C5F31C727F1}.Ad-Hoc|iPhone.Build.0 = Release|Any CPU
		{8722ADF5-4FBE-4CC7-B117-0C5F31C727F1}.Ad-Hoc|iPhone.Deploy.0 = Release|Any CPU
		{8722ADF5-4FBE-4CC7-B117-0C5F31C727F1}.Ad-Hoc|iPhoneSimulator.ActiveCfg = Release|Any CPU
		{8722ADF5-4FBE-4CC7-B117-0C5F31C727F1}.Ad-Hoc|iPhoneSimulator.Build.0 = Release|Any CPU
		{8722ADF5-4FBE-4CC7-B117-0C5F31C727F1}.Ad-Hoc|iPhoneSimulator.Deploy.0 = Release|Any CPU
		{8722ADF5-4FBE-4CC7-B117-0C5F31C727F1}.Ad-Hoc|x64.ActiveCfg = Release|x64
		{8722ADF5-4FBE-4CC7-B117-0C5F31C727F1}.Ad-Hoc|x64.Build.0 = Release|x64
		{8722ADF5-4FBE-4CC7-B117-0C5F31C727F1}.Ad-Hoc|x64.Deploy.0 = Release|x64
		{8722ADF5-4FBE-4CC7-B117-0C5F31C727F1}.Ad-Hoc|x86.ActiveCfg = Release|x86
		{8722ADF5-4FBE-4CC7-B117-0C5F31C727F1}.Ad-Hoc|x86.Build.0 = Release|x86
		{8722ADF5-4FBE-4CC7-B117-0C5F31C727F1}.Ad-Hoc|x86.Deploy.0 = Release|x86
		{8722ADF5-4FBE-4CC7-B117-0C5F31C727F1}.AppStore|Any CPU.ActiveCfg = Release|Any CPU
		{8722ADF5-4FBE-4CC7-B117-0C5F31C727F1}.AppStore|Any CPU.Build.0 = Release|Any CPU
		{8722ADF5-4FBE-4CC7-B117-0C5F31C727F1}.AppStore|Any CPU.Deploy.0 = Release|Any CPU
		{8722ADF5-4FBE-4CC7-B117-0C5F31C727F1}.AppStore|ARM.ActiveCfg = Release|ARM
		{8722ADF5-4FBE-4CC7-B117-0C5F31C727F1}.AppStore|ARM.Build.0 = Release|ARM
		{8722ADF5-4FBE-4CC7-B117-0C5F31C727F1}.AppStore|ARM.Deploy.0 = Release|ARM
		{8722ADF5-4FBE-4CC7-B117-0C5F31C727F1}.AppStore|iPhone.ActiveCfg = Release|Any CPU
		{8722ADF5-4FBE-4CC7-B117-0C5F31C727F1}.AppStore|iPhone.Build.0 = Release|Any CPU
		{8722ADF5-4FBE-4CC7-B117-0C5F31C727F1}.AppStore|iPhone.Deploy.0 = Release|Any CPU
		{8722ADF5-4FBE-4CC7-B117-0C5F31C727F1}.AppStore|iPhoneSimulator.ActiveCfg = Release|Any CPU
		{8722ADF5-4FBE-4CC7-B117-0C5F31C727F1}.AppStore|iPhoneSimulator.Build.0 = Release|Any CPU
		{8722ADF5-4FBE-4CC7-B117-0C5F31C727F1}.AppStore|iPhoneSimulator.Deploy.0 = Release|Any CPU
		{8722ADF5-4FBE-4CC7-B117-0C5F31C727F1}.AppStore|x64.ActiveCfg = Release|x64
		{8722ADF5-4FBE-4CC7-B117-0C5F31C727F1}.AppStore|x64.Build.0 = Release|x64
		{8722ADF5-4FBE-4CC7-B117-0C5F31C727F1}.AppStore|x64.Deploy.0 = Release|x64
		{8722ADF5-4FBE-4CC7-B117-0C5F31C727F1}.AppStore|x86.ActiveCfg = Release|x86
		{8722ADF5-4FBE-4CC7-B117-0C5F31C727F1}.AppStore|x86.Build.0 = Release|x86
		{8722ADF5-4FBE-4CC7-B117-0C5F31C727F1}.AppStore|x86.Deploy.0 = Release|x86
		{8722ADF5-4FBE-4CC7-B117-0C5F31C727F1}.Debug|Any CPU.ActiveCfg = Debug|Any CPU
		{8722ADF5-4FBE-4CC7-B117-0C5F31C727F1}.Debug|Any CPU.Build.0 = Debug|Any CPU
		{8722ADF5-4FBE-4CC7-B117-0C5F31C727F1}.Debug|Any CPU.Deploy.0 = Debug|Any CPU
		{8722ADF5-4FBE-4CC7-B117-0C5F31C727F1}.Debug|ARM.ActiveCfg = Debug|ARM
		{8722ADF5-4FBE-4CC7-B117-0C5F31C727F1}.Debug|ARM.Build.0 = Debug|ARM
		{8722ADF5-4FBE-4CC7-B117-0C5F31C727F1}.Debug|ARM.Deploy.0 = Debug|ARM
		{8722ADF5-4FBE-4CC7-B117-0C5F31C727F1}.Debug|iPhone.ActiveCfg = Debug|Any CPU
		{8722ADF5-4FBE-4CC7-B117-0C5F31C727F1}.Debug|iPhone.Build.0 = Debug|Any CPU
		{8722ADF5-4FBE-4CC7-B117-0C5F31C727F1}.Debug|iPhone.Deploy.0 = Debug|Any CPU
		{8722ADF5-4FBE-4CC7-B117-0C5F31C727F1}.Debug|iPhoneSimulator.ActiveCfg = Debug|Any CPU
		{8722ADF5-4FBE-4CC7-B117-0C5F31C727F1}.Debug|iPhoneSimulator.Build.0 = Debug|Any CPU
		{8722ADF5-4FBE-4CC7-B117-0C5F31C727F1}.Debug|iPhoneSimulator.Deploy.0 = Debug|Any CPU
		{8722ADF5-4FBE-4CC7-B117-0C5F31C727F1}.Debug|x64.ActiveCfg = Debug|x64
		{8722ADF5-4FBE-4CC7-B117-0C5F31C727F1}.Debug|x64.Build.0 = Debug|x64
		{8722ADF5-4FBE-4CC7-B117-0C5F31C727F1}.Debug|x64.Deploy.0 = Debug|x64
		{8722ADF5-4FBE-4CC7-B117-0C5F31C727F1}.Debug|x86.ActiveCfg = Debug|x86
		{8722ADF5-4FBE-4CC7-B117-0C5F31C727F1}.Debug|x86.Build.0 = Debug|x86
		{8722ADF5-4FBE-4CC7-B117-0C5F31C727F1}.Debug|x86.Deploy.0 = Debug|x86
		{8722ADF5-4FBE-4CC7-B117-0C5F31C727F1}.Release|Any CPU.ActiveCfg = Release|Any CPU
		{8722ADF5-4FBE-4CC7-B117-0C5F31C727F1}.Release|Any CPU.Build.0 = Release|Any CPU
		{8722ADF5-4FBE-4CC7-B117-0C5F31C727F1}.Release|Any CPU.Deploy.0 = Release|Any CPU
		{8722ADF5-4FBE-4CC7-B117-0C5F31C727F1}.Release|ARM.ActiveCfg = Release|ARM
		{8722ADF5-4FBE-4CC7-B117-0C5F31C727F1}.Release|ARM.Build.0 = Release|ARM
		{8722ADF5-4FBE-4CC7-B117-0C5F31C727F1}.Release|ARM.Deploy.0 = Release|ARM
		{8722ADF5-4FBE-4CC7-B117-0C5F31C727F1}.Release|iPhone.ActiveCfg = Release|Any CPU
		{8722ADF5-4FBE-4CC7-B117-0C5F31C727F1}.Release|iPhone.Build.0 = Release|Any CPU
		{8722ADF5-4FBE-4CC7-B117-0C5F31C727F1}.Release|iPhone.Deploy.0 = Release|Any CPU
		{8722ADF5-4FBE-4CC7-B117-0C5F31C727F1}.Release|iPhoneSimulator.ActiveCfg = Release|Any CPU
		{8722ADF5-4FBE-4CC7-B117-0C5F31C727F1}.Release|iPhoneSimulator.Build.0 = Release|Any CPU
		{8722ADF5-4FBE-4CC7-B117-0C5F31C727F1}.Release|iPhoneSimulator.Deploy.0 = Release|Any CPU
		{8722ADF5-4FBE-4CC7-B117-0C5F31C727F1}.Release|x64.ActiveCfg = Release|x64
		{8722ADF5-4FBE-4CC7-B117-0C5F31C727F1}.Release|x64.Build.0 = Release|x64
		{8722ADF5-4FBE-4CC7-B117-0C5F31C727F1}.Release|x64.Deploy.0 = Release|x64
		{8722ADF5-4FBE-4CC7-B117-0C5F31C727F1}.Release|x86.ActiveCfg = Release|x86
		{8722ADF5-4FBE-4CC7-B117-0C5F31C727F1}.Release|x86.Build.0 = Release|x86
		{8722ADF5-4FBE-4CC7-B117-0C5F31C727F1}.Release|x86.Deploy.0 = Release|x86
		{7270CA97-9564-44EF-BF2F-983577F2A5EB}.Ad-Hoc|Any CPU.ActiveCfg = Release|Any CPU
		{7270CA97-9564-44EF-BF2F-983577F2A5EB}.Ad-Hoc|Any CPU.Build.0 = Release|Any CPU
		{7270CA97-9564-44EF-BF2F-983577F2A5EB}.Ad-Hoc|ARM.ActiveCfg = Release|Any CPU
		{7270CA97-9564-44EF-BF2F-983577F2A5EB}.Ad-Hoc|ARM.Build.0 = Release|Any CPU
		{7270CA97-9564-44EF-BF2F-983577F2A5EB}.Ad-Hoc|iPhone.ActiveCfg = Release|Any CPU
		{7270CA97-9564-44EF-BF2F-983577F2A5EB}.Ad-Hoc|iPhone.Build.0 = Release|Any CPU
		{7270CA97-9564-44EF-BF2F-983577F2A5EB}.Ad-Hoc|iPhoneSimulator.ActiveCfg = Release|Any CPU
		{7270CA97-9564-44EF-BF2F-983577F2A5EB}.Ad-Hoc|iPhoneSimulator.Build.0 = Release|Any CPU
		{7270CA97-9564-44EF-BF2F-983577F2A5EB}.Ad-Hoc|x64.ActiveCfg = Release|Any CPU
		{7270CA97-9564-44EF-BF2F-983577F2A5EB}.Ad-Hoc|x64.Build.0 = Release|Any CPU
		{7270CA97-9564-44EF-BF2F-983577F2A5EB}.Ad-Hoc|x86.ActiveCfg = Release|Any CPU
		{7270CA97-9564-44EF-BF2F-983577F2A5EB}.Ad-Hoc|x86.Build.0 = Release|Any CPU
		{7270CA97-9564-44EF-BF2F-983577F2A5EB}.AppStore|Any CPU.ActiveCfg = Release|Any CPU
		{7270CA97-9564-44EF-BF2F-983577F2A5EB}.AppStore|Any CPU.Build.0 = Release|Any CPU
		{7270CA97-9564-44EF-BF2F-983577F2A5EB}.AppStore|ARM.ActiveCfg = Release|Any CPU
		{7270CA97-9564-44EF-BF2F-983577F2A5EB}.AppStore|ARM.Build.0 = Release|Any CPU
		{7270CA97-9564-44EF-BF2F-983577F2A5EB}.AppStore|iPhone.ActiveCfg = Release|Any CPU
		{7270CA97-9564-44EF-BF2F-983577F2A5EB}.AppStore|iPhone.Build.0 = Release|Any CPU
		{7270CA97-9564-44EF-BF2F-983577F2A5EB}.AppStore|iPhoneSimulator.ActiveCfg = Release|Any CPU
		{7270CA97-9564-44EF-BF2F-983577F2A5EB}.AppStore|iPhoneSimulator.Build.0 = Release|Any CPU
		{7270CA97-9564-44EF-BF2F-983577F2A5EB}.AppStore|x64.ActiveCfg = Release|Any CPU
		{7270CA97-9564-44EF-BF2F-983577F2A5EB}.AppStore|x64.Build.0 = Release|Any CPU
		{7270CA97-9564-44EF-BF2F-983577F2A5EB}.AppStore|x86.ActiveCfg = Release|Any CPU
		{7270CA97-9564-44EF-BF2F-983577F2A5EB}.AppStore|x86.Build.0 = Release|Any CPU
		{7270CA97-9564-44EF-BF2F-983577F2A5EB}.Debug|Any CPU.ActiveCfg = Debug|Any CPU
		{7270CA97-9564-44EF-BF2F-983577F2A5EB}.Debug|Any CPU.Build.0 = Debug|Any CPU
		{7270CA97-9564-44EF-BF2F-983577F2A5EB}.Debug|ARM.ActiveCfg = Debug|Any CPU
		{7270CA97-9564-44EF-BF2F-983577F2A5EB}.Debug|ARM.Build.0 = Debug|Any CPU
		{7270CA97-9564-44EF-BF2F-983577F2A5EB}.Debug|iPhone.ActiveCfg = Debug|Any CPU
		{7270CA97-9564-44EF-BF2F-983577F2A5EB}.Debug|iPhone.Build.0 = Debug|Any CPU
		{7270CA97-9564-44EF-BF2F-983577F2A5EB}.Debug|iPhoneSimulator.ActiveCfg = Debug|Any CPU
		{7270CA97-9564-44EF-BF2F-983577F2A5EB}.Debug|iPhoneSimulator.Build.0 = Debug|Any CPU
		{7270CA97-9564-44EF-BF2F-983577F2A5EB}.Debug|x64.ActiveCfg = Debug|Any CPU
		{7270CA97-9564-44EF-BF2F-983577F2A5EB}.Debug|x64.Build.0 = Debug|Any CPU
		{7270CA97-9564-44EF-BF2F-983577F2A5EB}.Debug|x86.ActiveCfg = Debug|Any CPU
		{7270CA97-9564-44EF-BF2F-983577F2A5EB}.Debug|x86.Build.0 = Debug|Any CPU
		{7270CA97-9564-44EF-BF2F-983577F2A5EB}.Release|Any CPU.ActiveCfg = Release|Any CPU
		{7270CA97-9564-44EF-BF2F-983577F2A5EB}.Release|Any CPU.Build.0 = Release|Any CPU
		{7270CA97-9564-44EF-BF2F-983577F2A5EB}.Release|ARM.ActiveCfg = Release|Any CPU
		{7270CA97-9564-44EF-BF2F-983577F2A5EB}.Release|ARM.Build.0 = Release|Any CPU
		{7270CA97-9564-44EF-BF2F-983577F2A5EB}.Release|iPhone.ActiveCfg = Release|Any CPU
		{7270CA97-9564-44EF-BF2F-983577F2A5EB}.Release|iPhone.Build.0 = Release|Any CPU
		{7270CA97-9564-44EF-BF2F-983577F2A5EB}.Release|iPhoneSimulator.ActiveCfg = Release|Any CPU
		{7270CA97-9564-44EF-BF2F-983577F2A5EB}.Release|iPhoneSimulator.Build.0 = Release|Any CPU
		{7270CA97-9564-44EF-BF2F-983577F2A5EB}.Release|x64.ActiveCfg = Release|Any CPU
		{7270CA97-9564-44EF-BF2F-983577F2A5EB}.Release|x64.Build.0 = Release|Any CPU
		{7270CA97-9564-44EF-BF2F-983577F2A5EB}.Release|x86.ActiveCfg = Release|Any CPU
		{7270CA97-9564-44EF-BF2F-983577F2A5EB}.Release|x86.Build.0 = Release|Any CPU
	EndGlobalSection
	GlobalSection(SolutionProperties) = preSolution
		HideSolutionNode = FALSE
	EndGlobalSection
EndGlobal
